
Microsoft Visual Studio Solution File, Format Version 12.00
Project("{FAE04EC0-301F-11D3-BF4B-00C04F79EFBC}") = "gherkin-report", "gherkin-report\gherkin-report.csproj", "{CAF4A0E6-DCFE-4665-ADC5-98D8548F1C5C}"
EndProject
Project("{FAE04EC0-301F-11D3-BF4B-00C04F79EFBC}") = "ReqnRollSample", "ReqnRollSample\ReqnRollSample.csproj", "{C7E65FBE-00DE-4C4D-841E-D0103AE883B0}"
EndProject
Global
	GlobalSection(SolutionConfigurationPlatforms) = preSolution
		Debug|Any CPU = Debug|Any CPU
		Release|Any CPU = Release|Any CPU
	EndGlobalSection
	GlobalSection(ProjectConfigurationPlatforms) = postSolution
		{CAF4A0E6-DCFE-4665-ADC5-98D8548F1C5C}.Debug|Any CPU.ActiveCfg = Debug|Any CPU
		{CAF4A0E6-DCFE-4665-ADC5-98D8548F1C5C}.Debug|Any CPU.Build.0 = Debug|Any CPU
		{CAF4A0E6-DCFE-4665-ADC5-98D8548F1C5C}.Release|Any CPU.ActiveCfg = Release|Any CPU
		{CAF4A0E6-DCFE-4665-ADC5-98D8548F1C5C}.Release|Any CPU.Build.0 = Release|Any CPU
		{C7E65FBE-00DE-4C4D-841E-D0103AE883B0}.Debug|Any CPU.ActiveCfg = Debug|Any CPU
		{C7E65FBE-00DE-4C4D-841E-D0103AE883B0}.Debug|Any CPU.Build.0 = Debug|Any CPU
		{C7E65FBE-00DE-4C4D-841E-D0103AE883B0}.Release|Any CPU.ActiveCfg = Release|Any CPU
		{C7E65FBE-00DE-4C4D-841E-D0103AE883B0}.Release|Any CPU.Build.0 = Release|Any CPU
	EndGlobalSection
EndGlobal
